
Microsoft Visual Studio Solution File, Format Version 12.00
# Visual Studio Version 17
VisualStudioVersion = 17.5.002.0
MinimumVisualStudioVersion = 10.0.40219.1
Project("{9A19103F-16F7-4668-BE54-9A1E7A4F7556}") = "ipCalc", "ipCalc.csproj", "{8E841045-8351-4644-98E8-FB10EFE140C6}"
EndProject
Global
	GlobalSection(SolutionConfigurationPlatforms) = preSolution
		Debug|Any CPU = Debug|Any CPU
		Release|Any CPU = Release|Any CPU
	EndGlobalSection
	GlobalSection(ProjectConfigurationPlatforms) = postSolution
		{8E841045-8351-4644-98E8-FB10EFE140C6}.Debug|Any CPU.ActiveCfg = Debug|Any CPU
		{8E841045-8351-4644-98E8-FB10EFE140C6}.Debug|Any CPU.Build.0 = Debug|Any CPU
		{8E841045-8351-4644-98E8-FB10EFE140C6}.Release|Any CPU.ActiveCfg = Release|Any CPU
		{8E841045-8351-4644-98E8-FB10EFE140C6}.Release|Any CPU.Build.0 = Release|Any CPU
	EndGlobalSection
	GlobalSection(SolutionProperties) = preSolution
		HideSolutionNode = FALSE
	EndGlobalSection
	GlobalSection(ExtensibilityGlobals) = postSolution
		SolutionGuid = {EB77C37B-B1A4-4BBD-AFE9-B433963F6A7D}
	EndGlobalSection
EndGlobal
